// !$*UTF8*$!
{
	archiveVersion = 1;
	classes = {
	};
	objectVersion = 48;
	objects = {

/* Begin PBXBuildFile section */
		24C22EAF20075DFA00F2A5AF /* AppDelegate.swift in Sources */ = {isa = PBXBuildFile; fileRef = 24C22EAE20075DFA00F2A5AF /* AppDelegate.swift */; };
		24C22EB120075DFA00F2A5AF /* ViewController.swift in Sources */ = {isa = PBXBuildFile; fileRef = 24C22EB020075DFA00F2A5AF /* ViewController.swift */; };
		24C22EB420075DFA00F2A5AF /* Main.storyboard in Resources */ = {isa = PBXBuildFile; fileRef = 24C22EB220075DFA00F2A5AF /* Main.storyboard */; };
		24C22EB620075DFA00F2A5AF /* Assets.xcassets in Resources */ = {isa = PBXBuildFile; fileRef = 24C22EB520075DFA00F2A5AF /* Assets.xcassets */; };
		24C22EB920075DFA00F2A5AF /* LaunchScreen.storyboard in Resources */ = {isa = PBXBuildFile; fileRef = 24C22EB720075DFA00F2A5AF /* LaunchScreen.storyboard */; };
		24C22EC120075E2700F2A5AF /* image_uploaded_from_ios2.mp4 in Resources */ = {isa = PBXBuildFile; fileRef = 24C22EC020075E2600F2A5AF /* image_uploaded_from_ios2.mp4 */; };
/* End PBXBuildFile section */

/* Begin PBXFileReference section */
		24C22EAB20075DFA00F2A5AF /* Swift-Upload.app */ = {isa = PBXFileReference; explicitFileType = wrapper.application; includeInIndex = 0; path = "Swift-Upload.app"; sourceTree = BUILT_PRODUCTS_DIR; };
		24C22EAE20075DFA00F2A5AF /* AppDelegate.swift */ = {isa = PBXFileReference; lastKnownFileType = sourcecode.swift; path = AppDelegate.swift; sourceTree = "<group>"; };
		24C22EB020075DFA00F2A5AF /* ViewController.swift */ = {isa = PBXFileReference; lastKnownFileType = sourcecode.swift; path = ViewController.swift; sourceTree = "<group>"; };
		24C22EB320075DFA00F2A5AF /* Base */ = {isa = PBXFileReference; lastKnownFileType = file.storyboard; name = Base; path = Base.lproj/Main.storyboard; sourceTree = "<group>"; };
		24C22EB520075DFA00F2A5AF /* Assets.xcassets */ = {isa = PBXFileReference; lastKnownFileType = folder.assetcatalog; path = Assets.xcassets; sourceTree = "<group>"; };
		24C22EB820075DFA00F2A5AF /* Base */ = {isa = PBXFileReference; lastKnownFileType = file.storyboard; name = Base; path = Base.lproj/LaunchScreen.storyboard; sourceTree = "<group>"; };
		24C22EBA20075DFA00F2A5AF /* Info.plist */ = {isa = PBXFileReference; lastKnownFileType = text.plist.xml; path = Info.plist; sourceTree = "<group>"; };
		24C22EC020075E2600F2A5AF /* image_uploaded_from_ios2.mp4 */ = {isa = PBXFileReference; lastKnownFileType = file; path = image_uploaded_from_ios2.mp4; sourceTree = "<group>"; };
/* End PBXFileReference section */

/* Begin PBXFrameworksBuildPhase section */
		24C22EA820075DFA00F2A5AF /* Frameworks */ = {
			isa = PBXFrameworksBuildPhase;
			buildActionMask = 2147483647;
			files = (
			);
			runOnlyForDeploymentPostprocessing = 0;
		};
/* End PBXFrameworksBuildPhase section */

/* Begin PBXGroup section */
		24C22EA220075DFA00F2A5AF = {
			isa = PBXGroup;
			children = (
				24C22EAD20075DFA00F2A5AF /* Swift-Upload */,
				24C22EAC20075DFA00F2A5AF /* Products */,
			);
			sourceTree = "<group>";
		};
		24C22EAC20075DFA00F2A5AF /* Products */ = {
			isa = PBXGroup;
			children = (
				24C22EAB20075DFA00F2A5AF /* Swift-Upload.app */,
			);
			name = Products;
			sourceTree = "<group>";
		};
		24C22EAD20075DFA00F2A5AF /* Swift-Upload */ = {
			isa = PBXGroup;
			children = (
				24C22EC020075E2600F2A5AF /* image_uploaded_from_ios2.mp4 */,
				24C22EAE20075DFA00F2A5AF /* AppDelegate.swift */,
				24C22EB020075DFA00F2A5AF /* ViewController.swift */,
				24C22EB220075DFA00F2A5AF /* Main.storyboard */,
				24C22EB520075DFA00F2A5AF /* Assets.xcassets */,
				24C22EB720075DFA00F2A5AF /* LaunchScreen.storyboard */,
				24C22EBA20075DFA00F2A5AF /* Info.plist */,
			);
			path = "Swift-Upload";
			sourceTree = "<group>";
		};
/* End PBXGroup section */

/* Begin PBXNativeTarget section */
		24C22EAA20075DFA00F2A5AF /* Swift-Upload */ = {
			isa = PBXNativeTarget;
			buildConfigurationList = 24C22EBD20075DFA00F2A5AF /* Build configuration list for PBXNativeTarget "Swift-Upload" */;
			buildPhases = (
				24C22EA720075DFA00F2A5AF /* Sources */,
				24C22EA820075DFA00F2A5AF /* Frameworks */,
				24C22EA920075DFA00F2A5AF /* Resources */,
			);
			buildRules = (
			);
			dependencies = (
			);
			name = "Swift-Upload";
			productName = "Swift-Upload";
			productReference = 24C22EAB20075DFA00F2A5AF /* Swift-Upload.app */;
			productType = "com.apple.product-type.application";
		};
/* End PBXNativeTarget section */

/* Begin PBXProject section */
		24C22EA320075DFA00F2A5AF /* Project object */ = {
			isa = PBXProject;
			attributes = {
				LastSwiftUpdateCheck = 0920;
				LastUpgradeCheck = 0920;
				ORGANIZATIONNAME = Ivan;
				TargetAttributes = {
					24C22EAA20075DFA00F2A5AF = {
						CreatedOnToolsVersion = 9.2;
						ProvisioningStyle = Automatic;
					};
				};
			};
			buildConfigurationList = 24C22EA620075DFA00F2A5AF /* Build configuration list for PBXProject "Swift-Upload" */;
			compatibilityVersion = "Xcode 8.0";
			developmentRegion = en;
			hasScannedForEncodings = 0;
			knownRegions = (
				en,
				Base,
			);
			mainGroup = 24C22EA220075DFA00F2A5AF;
			productRefGroup = 24C22EAC20075DFA00F2A5AF /* Products */;
			projectDirPath = "";
			projectRoot = "";
			targets = (
				24C22EAA20075DFA00F2A5AF /* Swift-Upload */,
			);
		};
/* End PBXProject section */

/* Begin PBXResourcesBuildPhase section */
		24C22EA920075DFA00F2A5AF /* Resources */ = {
			isa = PBXResourcesBuildPhase;
			buildActionMask = 2147483647;
			files = (
				24C22EB920075DFA00F2A5AF /* LaunchScreen.storyboard in Resources */,
				24C22EB620075DFA00F2A5AF /* Assets.xcassets in Resources */,
				24C22EC120075E2700F2A5AF /* image_uploaded_from_ios2.mp4 in Resources */,
				24C22EB420075DFA00F2A5AF /* Main.storyboard in Resources */,
			);
			runOnlyForDeploymentPostprocessing = 0;
		};
/* End PBXResourcesBuildPhase section */

/* Begin PBXSourcesBuildPhase section */
		24C22EA720075DFA00F2A5AF /* Sources */ = {
			isa = PBXSourcesBuildPhase;
			buildActionMask = 2147483647;
			files = (
				24C22EB120075DFA00F2A5AF /* ViewController.swift in Sources */,
				24C22EAF20075DFA00F2A5AF /* AppDelegate.swift in Sources */,
			);
			runOnlyForDeploymentPostprocessing = 0;
		};
/* End PBXSourcesBuildPhase section */

/* Begin PBXVariantGroup section */
		24C22EB220075DFA00F2A5AF /* Main.storyboard */ = {
			isa = PBXVariantGroup;
			children = (
				24C22EB320075DFA00F2A5AF /* Base */,
			);
			name = Main.storyboard;
			sourceTree = "<group>";
		};
		24C22EB720075DFA00F2A5AF /* LaunchScreen.storyboard */ = {
			isa = PBXVariantGroup;
			children = (
				24C22EB820075DFA00F2A5AF /* Base */,
			);
			name = LaunchScreen.storyboard;
			sourceTree = "<group>";
		};
/* End PBXVariantGroup section */

/* Begin XCBuildConfiguration section */
		24C22EBB20075DFA00F2A5AF /* Debug */ = {
			isa = XCBuildConfiguration;
			buildSettings = {
				ALWAYS_SEARCH_USER_PATHS = NO;
				CLANG_ANALYZER_NONNULL = YES;
				CLANG_ANALYZER_NUMBER_OBJECT_CONVERSION = YES_AGGRESSIVE;
				CLANG_CXX_LANGUAGE_STANDARD = "gnu++14";
				CLANG_CXX_LIBRARY = "libc++";
				CLANG_ENABLE_MODULES = YES;
				CLANG_ENABLE_OBJC_ARC = YES;
				CLANG_WARN_BLOCK_CAPTURE_AUTORELEASING = YES;
				CLANG_WARN_BOOL_CONVERSION = YES;
				CLANG_WARN_COMMA = YES;
				CLANG_WARN_CONSTANT_CONVERSION = YES;
				CLANG_WARN_DIRECT_OBJC_ISA_USAGE = YES_ERROR;
				CLANG_WARN_DOCUMENTATION_COMMENTS = YES;
				CLANG_WARN_EMPTY_BODY = YES;
				CLANG_WARN_ENUM_CONVERSION = YES;
				CLANG_WARN_INFINITE_RECURSION = YES;
				CLANG_WARN_INT_CONVERSION = YES;
				CLANG_WARN_NON_LITERAL_NULL_CONVERSION = YES;
				CLANG_WARN_OBJC_LITERAL_CONVERSION = YES;
				CLANG_WARN_OBJC_ROOT_CLASS = YES_ERROR;
				CLANG_WARN_RANGE_LOOP_ANALYSIS = YES;
				CLANG_WARN_STRICT_PROTOTYPES = YES;
				CLANG_WARN_SUSPICIOUS_MOVE = YES;
				CLANG_WARN_UNGUARDED_AVAILABILITY = YES_AGGRESSIVE;
				CLANG_WARN_UNREACHABLE_CODE = YES;
				CLANG_WARN__DUPLICATE_METHOD_MATCH = YES;
				CODE_SIGN_IDENTITY = "iPhone Developer";
				COPY_PHASE_STRIP = NO;
				DEBUG_INFORMATION_FORMAT = dwarf;
				ENABLE_STRICT_OBJC_MSGSEND = YES;
				ENABLE_TESTABILITY = YES;
				GCC_C_LANGUAGE_STANDARD = gnu11;
				GCC_DYNAMIC_NO_PIC = NO;
				GCC_NO_COMMON_BLOCKS = YES;
				GCC_OPTIMIZATION_LEVEL = 0;
				GCC_PREPROCESSOR_DEFINITIONS = (
					"DEBUG=1",
					"$(inherited)",
				);
				GCC_WARN_64_TO_32_BIT_CONVERSION = YES;
				GCC_WARN_ABOUT_RETURN_TYPE = YES_ERROR;
				GCC_WARN_UNDECLARED_SELECTOR = YES;
				GCC_WARN_UNINITIALIZED_AUTOS = YES_AGGRESSIVE;
				GCC_WARN_UNUSED_FUNCTION = YES;
				GCC_WARN_UNUSED_VARIABLE = YES;
				IPHONEOS_DEPLOYMENT_TARGET = 11.2;
				MTL_ENABLE_DEBUG_INFO = YES;
				ONLY_ACTIVE_ARCH = YES;
				SDKROOT = iphoneos;
				SWIFT_ACTIVE_COMPILATION_CONDITIONS = DEBUG;
				SWIFT_OPTIMIZATION_LEVEL = "-Onone";
			};
			name = Debug;
		};
		24C22EBC20075DFA00F2A5AF /* Release */ = {
			isa = XCBuildConfiguration;
			buildSettings = {
				ALWAYS_SEARCH_USER_PATHS = NO;
				CLANG_ANALYZER_NONNULL = YES;
				CLANG_ANALYZER_NUMBER_OBJECT_CONVERSION = YES_AGGRESSIVE;
				CLANG_CXX_LANGUAGE_STANDARD = "gnu++14";
				CLANG_CXX_LIBRARY = "libc++";
				CLANG_ENABLE_MODULES = YES;
				CLANG_ENABLE_OBJC_ARC = YES;
				CLANG_WARN_BLOCK_CAPTURE_AUTORELEASING = YES;
				CLANG_WARN_BOOL_CONVERSION = YES;
				CLANG_WARN_COMMA = YES;
				CLANG_WARN_CONSTANT_CONVERSION = YES;
				CLANG_WARN_DIRECT_OBJC_ISA_USAGE = YES_ERROR;
				CLANG_WARN_DOCUMENTATION_COMMENTS = YES;
				CLANG_WARN_EMPTY_BODY = YES;
				CLANG_WARN_ENUM_CONVERSION = YES;
				CLANG_WARN_INFINITE_RECURSION = YES;
				CLANG_WARN_INT_CONVERSION = YES;
				CLANG_WARN_NON_LITERAL_NULL_CONVERSION = YES;
				CLANG_WARN_OBJC_LITERAL_CONVERSION = YES;
				CLANG_WARN_OBJC_ROOT_CLASS = YES_ERROR;
				CLANG_WARN_RANGE_LOOP_ANALYSIS = YES;
				CLANG_WARN_STRICT_PROTOTYPES = YES;
				CLANG_WARN_SUSPICIOUS_MOVE = YES;
				CLANG_WARN_UNGUARDED_AVAILABILITY = YES_AGGRESSIVE;
				CLANG_WARN_UNREACHABLE_CODE = YES;
				CLANG_WARN__DUPLICATE_METHOD_MATCH = YES;
				CODE_SIGN_IDENTITY = "iPhone Developer";
				COPY_PHASE_STRIP = NO;
				DEBUG_INFORMATION_FORMAT = "dwarf-with-dsym";
				ENABLE_NS_ASSERTIONS = NO;
				ENABLE_STRICT_OBJC_MSGSEND = YES;
				GCC_C_LANGUAGE_STANDARD = gnu11;
				GCC_NO_COMMON_BLOCKS = YES;
				GCC_WARN_64_TO_32_BIT_CONVERSION = YES;
				GCC_WARN_ABOUT_RETURN_TYPE = YES_ERROR;
				GCC_WARN_UNDECLARED_SELECTOR = YES;
				GCC_WARN_UNINITIALIZED_AUTOS = YES_AGGRESSIVE;
				GCC_WARN_UNUSED_FUNCTION = YES;
				GCC_WARN_UNUSED_VARIABLE = YES;
				IPHONEOS_DEPLOYMENT_TARGET = 11.2;
				MTL_ENABLE_DEBUG_INFO = NO;
				SDKROOT = iphoneos;
				SWIFT_OPTIMIZATION_LEVEL = "-Owholemodule";
				VALIDATE_PRODUCT = YES;
			};
			name = Release;
		};
		24C22EBE20075DFA00F2A5AF /* Debug */ = {
			isa = XCBuildConfiguration;
			buildSettings = {
				ASSETCATALOG_COMPILER_APPICON_NAME = AppIcon;
				CODE_SIGN_STYLE = Automatic;
				INFOPLIST_FILE = "Swift-Upload/Info.plist";
				LD_RUNPATH_SEARCH_PATHS = "$(inherited) @executable_path/Frameworks";
				PRODUCT_BUNDLE_IDENTIFIER = "cz.ivna.Swift-Upload";
				PRODUCT_NAME = "$(TARGET_NAME)";
				SWIFT_VERSION = 4.0;
				TARGETED_DEVICE_FAMILY = "1,2";
			};
			name = Debug;
		};
		24C22EBF20075DFA00F2A5AF /* Release */ = {
			isa = XCBuildConfiguration;
			buildSettings = {
				ASSETCATALOG_COMPILER_APPICON_NAME = AppIcon;
				CODE_SIGN_STYLE = Automatic;
				INFOPLIST_FILE = "Swift-Upload/Info.plist";
				LD_RUNPATH_SEARCH_PATHS = "$(inherited) @executable_path/Frameworks";
				PRODUCT_BUNDLE_IDENTIFIER = "cz.ivna.Swift-Upload";
				PRODUCT_NAME = "$(TARGET_NAME)";
				SWIFT_VERSION = 4.0;
				TARGETED_DEVICE_FAMILY = "1,2";
			};
			name = Release;
		};
/* End XCBuildConfiguration section */

/* Begin XCConfigurationList section */
		24C22EA620075DFA00F2A5AF /* Build configuration list for PBXProject "Swift-Upload" */ = {
			isa = XCConfigurationList;
			buildConfigurations = (
				24C22EBB20075DFA00F2A5AF /* Debug */,
				24C22EBC20075DFA00F2A5AF /* Release */,
			);
			defaultConfigurationIsVisible = 0;
			defaultConfigurationName = Release;
		};
		24C22EBD20075DFA00F2A5AF /* Build configuration list for PBXNativeTarget "Swift-Upload" */ = {
			isa = XCConfigurationList;
			buildConfigurations = (
				24C22EBE20075DFA00F2A5AF /* Debug */,
				24C22EBF20075DFA00F2A5AF /* Release */,
			);
			defaultConfigurationIsVisible = 0;
			defaultConfigurationName = Release;
		};
/* End XCConfigurationList section */
	};
	rootObject = 24C22EA320075DFA00F2A5AF /* Project object */;
}
